dependencies:
  espressif/esp_codec_dev:
    component_hash: 4779f31a3ba3f9b38aee1afe6ccb9ba8f6108dc3a6e77d39d7d714e9a215371b
    dependencies:
    - name: idf
      require: private
      version: '>=4.0'
    source:
      registry_url: https://components.espressif.com/
      type: service
    version: 1.6.2
  idf:
    source:
      type: idf
    version: 5.5.3
direct_dependencies:
- espressif/esp_codec_dev
- idf
manifest_hash: 8e8842c8d32c2d780f0761f79c6d4e2f61ba7f4670eb86fbbd0950bd5842e029
target: esp32c3
version: 2.0.0
